{
  "name": "JomMakan",
  "lockfileVersion": 3,
  "requires": true,
  "packages": {
    "": {
      "dependencies": {
        "@fortawesome/free-regular-svg-icons": "^6.5.2",
        "@fortawesome/free-solid-svg-icons": "^6.5.2",
        "@fortawesome/react-fontawesome": "^0.2.0",
        "react-icons": "^5.0.1",
        "react-popup": "^0.11.2",
        "react-rating-stars-component": "^2.2.0",
        "react-simple-star-rating": "^5.1.7"
      }
    },
    "node_modules/@fortawesome/fontawesome-common-types": {
      "version": "6.5.2",
      "resolved": "https://registry.npmjs.org/@fortawesome/fontawesome-common-types/-/fontawesome-common-types-6.5.2.tgz",
      "integrity": "sha512-gBxPg3aVO6J0kpfHNILc+NMhXnqHumFxOmjYCFfOiLZfwhnnfhtsdA2hfJlDnj+8PjAs6kKQPenOTKj3Rf7zHw==",
      "hasInstallScript": true,
      "engines": {
        "node": ">=6"
      }
    },
    "node_modules/@fortawesome/fontawesome-svg-core": {
      "version": "6.5.2",
      "resolved": "https://registry.npmjs.org/@fortawesome/fontawesome-svg-core/-/fontawesome-svg-core-6.5.2.tgz",
      "integrity": "sha512-5CdaCBGl8Rh9ohNdxeeTMxIj8oc3KNBgIeLMvJosBMdslK/UnEB8rzyDRrbKdL1kDweqBPo4GT9wvnakHWucZw==",
      "hasInstallScript": true,
      "peer": true,
      "dependencies": {
        "@fortawesome/fontawesome-common-types": "6.5.2"
      },
      "engines": {
        "node": ">=6"
      }
    },
    "node_modules/@fortawesome/free-regular-svg-icons": {
      "version": "6.5.2",
      "resolved": "https://registry.npmjs.org/@fortawesome/free-regular-svg-icons/-/free-regular-svg-icons-6.5.2.tgz",
      "integrity": "sha512-iabw/f5f8Uy2nTRtJ13XZTS1O5+t+anvlamJ3zJGLEVE2pKsAWhPv2lq01uQlfgCX7VaveT3EVs515cCN9jRbw==",
      "hasInstallScript": true,
      "dependencies": {
        "@fortawesome/fontawesome-common-types": "6.5.2"
      },
      "engines": {
        "node": ">=6"
      }
    },
    "node_modules/@fortawesome/free-solid-svg-icons": {
      "version": "6.5.2",
      "resolved": "https://registry.npmjs.org/@fortawesome/free-solid-svg-icons/-/free-solid-svg-icons-6.5.2.tgz",
      "integrity": "sha512-QWFZYXFE7O1Gr1dTIp+D6UcFUF0qElOnZptpi7PBUMylJh+vFmIedVe1Ir6RM1t2tEQLLSV1k7bR4o92M+uqlw==",
      "hasInstallScript": true,
      "dependencies": {
        "@fortawesome/fontawesome-common-types": "6.5.2"
      },
      "engines": {
        "node": ">=6"
      }
    },
    "node_modules/@fortawesome/react-fontawesome": {
      "version": "0.2.0",
      "resolved": "https://registry.npmjs.org/@fortawesome/react-fontawesome/-/react-fontawesome-0.2.0.tgz",
      "integrity": "sha512-uHg75Rb/XORTtVt7OS9WoK8uM276Ufi7gCzshVWkUJbHhh3svsUUeqXerrM96Wm7fRiDzfKRwSoahhMIkGAYHw==",
      "dependencies": {
        "prop-types": "^15.8.1"
      },
      "peerDependencies": {
        "@fortawesome/fontawesome-svg-core": "~1 || ~6",
        "react": ">=16.3"
      }
    },
    "node_modules/js-tokens": {
      "version": "4.0.0",
      "resolved": "https://registry.npmjs.org/js-tokens/-/js-tokens-4.0.0.tgz",
      "integrity": "sha512-RdJUflcE3cUzKiMqQgsCu06FPu9UdIJO0beYbPhHN4k6apgJtifcoCtT9bcxOpYBtpD2kCM6Sbzg4CausW/PKQ=="
    },
    "node_modules/keymaster": {
      "version": "1.6.2",
      "resolved": "https://registry.npmjs.org/keymaster/-/keymaster-1.6.2.tgz",
      "integrity": "sha512-OvA/AALN8IDKKkTk2Z+bDrzs/SQao4lo/QPbwSdDvm+frxfiYiYCSn1aHFUypJY3SruAO1y/c771agBmTXqUtg=="
    },
    "node_modules/loose-envify": {
      "version": "1.4.0",
      "resolved": "https://registry.npmjs.org/loose-envify/-/loose-envify-1.4.0.tgz",
      "integrity": "sha512-lyuxPGr/Wfhrlem2CL/UcnUc1zcqKAImBDzukY7Y5F/yQiNdko6+fRLevlw1HgMySw7f611UIY408EtxRSoK3Q==",
      "dependencies": {
        "js-tokens": "^3.0.0 || ^4.0.0"
      },
      "bin": {
        "loose-envify": "cli.js"
      }
    },
    "node_modules/object-assign": {
      "version": "4.1.1",
      "resolved": "https://registry.npmjs.org/object-assign/-/object-assign-4.1.1.tgz",
      "integrity": "sha512-rJgTQnkUnH1sFw8yT6VSU3zD3sWmu6sZhIseY8VX+GRu3P6F7Fu+JNDoXfklElbLJSnc3FUQHVe4cU5hj+BcUg==",
      "engines": {
        "node": ">=0.10.0"
      }
    },
    "node_modules/prop-types": {
      "version": "15.8.1",
      "resolved": "https://registry.npmjs.org/prop-types/-/prop-types-15.8.1.tgz",
      "integrity": "sha512-oj87CgZICdulUohogVAR7AjlC0327U4el4L6eAvOqCeudMDVU0NThNaV+b9Df4dXgSP1gXMTnPdhfe/2qDH5cg==",
      "dependencies": {
        "loose-envify": "^1.4.0",
        "object-assign": "^4.1.1",
        "react-is": "^16.13.1"
      }
    },
    "node_modules/react": {
      "version": "18.2.0",
      "resolved": "https://registry.npmjs.org/react/-/react-18.2.0.tgz",
      "integrity": "sha512-/3IjMdb2L9QbBdWiW5e3P2/npwMBaU9mHCSCUzNln0ZCYbcfTsGbTJrU/kGemdH2IWmB2ioZ+zkxtmq6g09fGQ==",
      "peer": true,
      "dependencies": {
        "loose-envify": "^1.1.0"
      },
      "engines": {
        "node": ">=0.10.0"
      }
    },
    "node_modules/react-dom": {
      "version": "18.2.0",
      "resolved": "https://registry.npmjs.org/react-dom/-/react-dom-18.2.0.tgz",
      "integrity": "sha512-6IMTriUmvsjHUjNtEDudZfuDQUoWXVxKHhlEGSk81n4YFS+r/Kl99wXiwlVXtPBtJenozv2P+hxDsw9eA7Xo6g==",
      "peer": true,
      "dependencies": {
        "loose-envify": "^1.1.0",
        "scheduler": "^0.23.0"
      },
      "peerDependencies": {
        "react": "^18.2.0"
      }
    },
    "node_modules/react-icons": {
      "version": "5.0.1",
      "resolved": "https://registry.npmjs.org/react-icons/-/react-icons-5.0.1.tgz",
      "integrity": "sha512-WqLZJ4bLzlhmsvme6iFdgO8gfZP17rfjYEJ2m9RsZjZ+cc4k1hTzknEz63YS1MeT50kVzoa1Nz36f4BEx+Wigw==",
      "peerDependencies": {
        "react": "*"
      }
    },
    "node_modules/react-is": {
      "version": "16.13.1",
      "resolved": "https://registry.npmjs.org/react-is/-/react-is-16.13.1.tgz",
      "integrity": "sha512-24e6ynE2H+OKt4kqsOvNd8kBpV65zoxbA4BVsEOB3ARVWQki/DHzaUoC5KuON/BiccDaCCTZBuOcfZs70kR8bQ=="
    },
    "node_modules/react-popup": {
      "version": "0.11.2",
      "resolved": "https://registry.npmjs.org/react-popup/-/react-popup-0.11.2.tgz",
      "integrity": "sha512-1KzaBI20eqhg0CUYJvkeobvS0NfAz73xpxXNJs6s8XKk13ypYD7VjxS1LMtOIQohkqL5GhkZqC978YvH39qUNw==",
      "dependencies": {
        "keymaster": "^1.6.2"
      },
      "peerDependencies": {
        "prop-types": "^15.6.0",
        "react": "^17.0.2 || ^18.0.0",
        "react-dom": "^17.0.2 || ^18.0.0"
      }
    },
    "node_modules/react-rating-stars-component": {
      "version": "2.2.0",
      "resolved": "https://registry.npmjs.org/react-rating-stars-component/-/react-rating-stars-component-2.2.0.tgz",
      "integrity": "sha512-A3lgLxumfFQQicKQmxacZ91fq/zRaVWlCPnVodJmJV6obvod4/yCotetN9WuyBiUfnKsEFDBo/8B85ocwmL7ng=="
    },
    "node_modules/react-simple-star-rating": {
      "version": "5.1.7",
      "resolved": "https://registry.npmjs.org/react-simple-star-rating/-/react-simple-star-rating-5.1.7.tgz",
      "integrity": "sha512-NTFkW8W3uwvI82Fv7JW5i7gmDjEZKxJmj+Z9vn+BjYIXT6ILdnU9qnSUP2cWrWN/WAUlue81f9SgM4CQcenltQ==",
      "engines": {
        "node": ">=14"
      },
      "peerDependencies": {
        "react": ">=18.0.0",
        "react-dom": ">=18.0.0"
      }
    },
    "node_modules/scheduler": {
      "version": "0.23.0",
      "resolved": "https://registry.npmjs.org/scheduler/-/scheduler-0.23.0.tgz",
      "integrity": "sha512-CtuThmgHNg7zIZWAXi3AsyIzA3n4xx7aNyjwC2VJldO2LMVDhFK+63xGqq6CsJH4rTAt6/M+N4GhZiDYPx9eUw==",
      "peer": true,
      "dependencies": {
        "loose-envify": "^1.1.0"
      }
    }
  }
}
